
Microsoft Visual Studio Solution File, Format Version 12.00
# Visual Studio 15
VisualStudioVersion = 15.0.27130.2036
MinimumVisualStudioVersion = 10.0.40219.1
Project("{FAE04EC0-301F-11D3-BF4B-00C04F79EFBC}") = "SavingCloud.Web", "SavingCloud.Web\SavingCloud.Web.csproj", "{396CE95F-F1F6-48B0-8ED8-AFF2F381C6F2}"
EndProject
Project("{FAE04EC0-301F-11D3-BF4B-00C04F79EFBC}") = "SavingCloud.Infrastructure", "SavingCloud.Infrastructure\SavingCloud.Infrastructure.csproj", "{C5EFACF7-2B4A-46D7-BAF8-F03BF74FA1C0}"
EndProject
Project("{FAE04EC0-301F-11D3-BF4B-00C04F79EFBC}") = "SavingCloud.DomainService", "SavingCloud.DomainService\SavingCloud.DomainService.csproj", "{99E4DA8D-3850-402F-82AD-EBD20DD49084}"
EndProject
Project("{FAE04EC0-301F-11D3-BF4B-00C04F79EFBC}") = "SavingCloud.Core", "SavingCloud.Core\SavingCloud.Core.csproj", "{47D45945-5C45-42E9-BC9D-1071C94D37B0}"
EndProject
Global
	GlobalSection(SolutionConfigurationPlatforms) = preSolution
		Debug|Any CPU = Debug|Any CPU
		Release|Any CPU = Release|Any CPU
	EndGlobalSection
	GlobalSection(ProjectConfigurationPlatforms) = postSolution
		{396CE95F-F1F6-48B0-8ED8-AFF2F381C6F2}.Debug|Any CPU.ActiveCfg = Debug|Any CPU
		{396CE95F-F1F6-48B0-8ED8-AFF2F381C6F2}.Debug|Any CPU.Build.0 = Debug|Any CPU
		{396CE95F-F1F6-48B0-8ED8-AFF2F381C6F2}.Release|Any CPU.ActiveCfg = Release|Any CPU
		{396CE95F-F1F6-48B0-8ED8-AFF2F381C6F2}.Release|Any CPU.Build.0 = Release|Any CPU
		{C5EFACF7-2B4A-46D7-BAF8-F03BF74FA1C0}.Debug|Any CPU.ActiveCfg = Debug|Any CPU
		{C5EFACF7-2B4A-46D7-BAF8-F03BF74FA1C0}.Debug|Any CPU.Build.0 = Debug|Any CPU
		{C5EFACF7-2B4A-46D7-BAF8-F03BF74FA1C0}.Release|Any CPU.ActiveCfg = Release|Any CPU
		{C5EFACF7-2B4A-46D7-BAF8-F03BF74FA1C0}.Release|Any CPU.Build.0 = Release|Any CPU
		{99E4DA8D-3850-402F-82AD-EBD20DD49084}.Debug|Any CPU.ActiveCfg = Debug|Any CPU
		{99E4DA8D-3850-402F-82AD-EBD20DD49084}.Debug|Any CPU.Build.0 = Debug|Any CPU
		{99E4DA8D-3850-402F-82AD-EBD20DD49084}.Release|Any CPU.ActiveCfg = Release|Any CPU
		{99E4DA8D-3850-402F-82AD-EBD20DD49084}.Release|Any CPU.Build.0 = Release|Any CPU
		{47D45945-5C45-42E9-BC9D-1071C94D37B0}.Debug|Any CPU.ActiveCfg = Debug|Any CPU
		{47D45945-5C45-42E9-BC9D-1071C94D37B0}.Debug|Any CPU.Build.0 = Debug|Any CPU
		{47D45945-5C45-42E9-BC9D-1071C94D37B0}.Release|Any CPU.ActiveCfg = Release|Any CPU
		{47D45945-5C45-42E9-BC9D-1071C94D37B0}.Release|Any CPU.Build.0 = Release|Any CPU
	EndGlobalSection
	GlobalSection(SolutionProperties) = preSolution
		HideSolutionNode = FALSE
	EndGlobalSection
	GlobalSection(ExtensibilityGlobals) = postSolution
		SolutionGuid = {64D637F9-00C8-457B-9004-5C2C83F01A96}
	EndGlobalSection
EndGlobal
